
Microsoft Visual Studio Solution File, Format Version 12.00
# Visual Studio 15
VisualStudioVersion = 15.0.28307.489
MinimumVisualStudioVersion = 10.0.40219.1
Project("{FAE04EC0-301F-11D3-BF4B-00C04F79EFBC}") = "DataStructures", "DataStructures\DataStructures.csproj", "{57AC1F09-8637-447C-B00E-F33DDBF1C3D7}"
EndProject
Global
	GlobalSection(SolutionConfigurationPlatforms) = preSolution
		Debug|Any CPU = Debug|Any CPU
		Release|Any CPU = Release|Any CPU
	EndGlobalSection
	GlobalSection(ProjectConfigurationPlatforms) = postSolution
		{57AC1F09-8637-447C-B00E-F33DDBF1C3D7}.Debug|Any CPU.ActiveCfg = Debug|Any CPU
		{57AC1F09-8637-447C-B00E-F33DDBF1C3D7}.Debug|Any CPU.Build.0 = Debug|Any CPU
		{57AC1F09-8637-447C-B00E-F33DDBF1C3D7}.Release|Any CPU.ActiveCfg = Release|Any CPU
		{57AC1F09-8637-447C-B00E-F33DDBF1C3D7}.Release|Any CPU.Build.0 = Release|Any CPU
	EndGlobalSection
	GlobalSection(SolutionProperties) = preSolution
		HideSolutionNode = FALSE
	EndGlobalSection
	GlobalSection(ExtensibilityGlobals) = postSolution
		SolutionGuid = {C42DC849-082F-4783-B82F-DB567F709FA3}
	EndGlobalSection
EndGlobal
